{
  "requires": true,
  "lockfileVersion": 1,
  "dependencies": {
    "@ionic-native/native-storage": {
      "version": "5.31.1",
      "resolved": "https://registry.npmjs.org/@ionic-native/native-storage/-/native-storage-5.31.1.tgz",
      "integrity": "sha512-6FV21KeJs8DO6la9ATRSgfTzihPKcMzOMvZOH05TxQ/gof1uij1FOouvPfVldc0iZfFE4Ij55eQGnQ5rCZ+zHg==",
      "requires": {
        "@types/cordova": "^0.0.34"
      }
    },
    "@types/cordova": {
      "version": "0.0.34",
      "resolved": "https://registry.npmjs.org/@types/cordova/-/cordova-0.0.34.tgz",
      "integrity": "sha1-6nrd907Ow9dimCegw54smt3HPQQ="
    }
  }
}
